
Microsoft Visual Studio Solution File, Format Version 12.00
# Visual Studio Version 17
VisualStudioVersion = 17.8.34322.80
MinimumVisualStudioVersion = 10.0.40219.1
Project("{2150E333-8FDC-42A3-9474-1A3956D46DE8}") = "src", "src", "{CA0EBACF-59A3-4CAF-9E04-E43C1A10476C}"
EndProject
Project("{2150E333-8FDC-42A3-9474-1A3956D46DE8}") = "test", "test", "{5C0E671D-300F-49CC-B7E7-B1ACC77198B6}"
EndProject
Project("{9A19103F-16F7-4668-BE54-9A1E7A4F7556}") = "UnitTest", "test\UnitTest\UnitTest.csproj", "{9470EAF8-0E1C-48F3-8AF6-2AC3F8515121}"
EndProject
Project("{FAE04EC0-301F-11D3-BF4B-00C04F79EFBC}") = "Domain", "src\Domain\Domain.csproj", "{E96029D0-5F15-4FA4-BBD6-808A68494267}"
EndProject
Global
	GlobalSection(SolutionConfigurationPlatforms) = preSolution
		Debug|Any CPU = Debug|Any CPU
		Release|Any CPU = Release|Any CPU
	EndGlobalSection
	GlobalSection(ProjectConfigurationPlatforms) = postSolution
		{9470EAF8-0E1C-48F3-8AF6-2AC3F8515121}.Debug|Any CPU.ActiveCfg = Debug|Any CPU
		{9470EAF8-0E1C-48F3-8AF6-2AC3F8515121}.Debug|Any CPU.Build.0 = Debug|Any CPU
		{9470EAF8-0E1C-48F3-8AF6-2AC3F8515121}.Release|Any CPU.ActiveCfg = Release|Any CPU
		{9470EAF8-0E1C-48F3-8AF6-2AC3F8515121}.Release|Any CPU.Build.0 = Release|Any CPU
		{E96029D0-5F15-4FA4-BBD6-808A68494267}.Debug|Any CPU.ActiveCfg = Debug|Any CPU
		{E96029D0-5F15-4FA4-BBD6-808A68494267}.Debug|Any CPU.Build.0 = Debug|Any CPU
		{E96029D0-5F15-4FA4-BBD6-808A68494267}.Release|Any CPU.ActiveCfg = Release|Any CPU
		{E96029D0-5F15-4FA4-BBD6-808A68494267}.Release|Any CPU.Build.0 = Release|Any CPU
	EndGlobalSection
	GlobalSection(SolutionProperties) = preSolution
		HideSolutionNode = FALSE
	EndGlobalSection
	GlobalSection(NestedProjects) = preSolution
		{9470EAF8-0E1C-48F3-8AF6-2AC3F8515121} = {5C0E671D-300F-49CC-B7E7-B1ACC77198B6}
		{E96029D0-5F15-4FA4-BBD6-808A68494267} = {CA0EBACF-59A3-4CAF-9E04-E43C1A10476C}
	EndGlobalSection
	GlobalSection(ExtensibilityGlobals) = postSolution
		SolutionGuid = {1857336F-5B84-46C9-A29D-A14D0A44D0D2}
	EndGlobalSection
EndGlobal
