
Microsoft Visual Studio Solution File, Format Version 12.00
# Visual Studio Version 17
VisualStudioVersion = 17.8.34322.80
MinimumVisualStudioVersion = 10.0.40219.1
Project("{2150E333-8FDC-42A3-9474-1A3956D46DE8}") = "src", "src", "{CA0EBACF-59A3-4CAF-9E04-E43C1A10476C}"
EndProject
Project("{2150E333-8FDC-42A3-9474-1A3956D46DE8}") = "test", "test", "{5C0E671D-300F-49CC-B7E7-B1ACC77198B6}"
EndProject
Project("{9A19103F-16F7-4668-BE54-9A1E7A4F7556}") = "Domain", "src\Domain\Domain.csproj", "{E96029D0-5F15-4FA4-BBD6-808A68494267}"
EndProject
Project("{9A19103F-16F7-4668-BE54-9A1E7A4F7556}") = "Application", "src\Application\Application.csproj", "{F953AE33-2913-4F05-9E67-A00CE336E076}"
EndProject
Project("{9A19103F-16F7-4668-BE54-9A1E7A4F7556}") = "Integration", "test\Integration\Integration.csproj", "{106DD3F5-3A21-468E-B86E-5E8F303B8A21}"
EndProject
Project("{9A19103F-16F7-4668-BE54-9A1E7A4F7556}") = "Infra", "src\Infra\Infra.csproj", "{DC110053-FDF5-4DC4-A709-C047539FB7E6}"
EndProject
Project("{9A19103F-16F7-4668-BE54-9A1E7A4F7556}") = "Unit", "test\Unit\Unit.csproj", "{A1A73826-FCBC-4E55-A6FF-465E076C2C61}"
EndProject
Project("{2150E333-8FDC-42A3-9474-1A3956D46DE8}") = "Solution Items", "Solution Items", "{D3937006-6227-4598-8804-85D57C813645}"
	ProjectSection(SolutionItems) = preProject
		docker-compose.yml = docker-compose.yml
	EndProjectSection
EndProject
Project("{9A19103F-16F7-4668-BE54-9A1E7A4F7556}") = "API", "src\API\API.csproj", "{45BD309F-7DD8-45AC-9C98-00C00107E453}"
EndProject
Global
	GlobalSection(SolutionConfigurationPlatforms) = preSolution
		Debug|Any CPU = Debug|Any CPU
		Release|Any CPU = Release|Any CPU
	EndGlobalSection
	GlobalSection(ProjectConfigurationPlatforms) = postSolution
		{E96029D0-5F15-4FA4-BBD6-808A68494267}.Debug|Any CPU.ActiveCfg = Debug|Any CPU
		{E96029D0-5F15-4FA4-BBD6-808A68494267}.Debug|Any CPU.Build.0 = Debug|Any CPU
		{E96029D0-5F15-4FA4-BBD6-808A68494267}.Release|Any CPU.ActiveCfg = Release|Any CPU
		{E96029D0-5F15-4FA4-BBD6-808A68494267}.Release|Any CPU.Build.0 = Release|Any CPU
		{F953AE33-2913-4F05-9E67-A00CE336E076}.Debug|Any CPU.ActiveCfg = Debug|Any CPU
		{F953AE33-2913-4F05-9E67-A00CE336E076}.Debug|Any CPU.Build.0 = Debug|Any CPU
		{F953AE33-2913-4F05-9E67-A00CE336E076}.Release|Any CPU.ActiveCfg = Release|Any CPU
		{F953AE33-2913-4F05-9E67-A00CE336E076}.Release|Any CPU.Build.0 = Release|Any CPU
		{106DD3F5-3A21-468E-B86E-5E8F303B8A21}.Debug|Any CPU.ActiveCfg = Debug|Any CPU
		{106DD3F5-3A21-468E-B86E-5E8F303B8A21}.Debug|Any CPU.Build.0 = Debug|Any CPU
		{106DD3F5-3A21-468E-B86E-5E8F303B8A21}.Release|Any CPU.ActiveCfg = Release|Any CPU
		{106DD3F5-3A21-468E-B86E-5E8F303B8A21}.Release|Any CPU.Build.0 = Release|Any CPU
		{DC110053-FDF5-4DC4-A709-C047539FB7E6}.Debug|Any CPU.ActiveCfg = Debug|Any CPU
		{DC110053-FDF5-4DC4-A709-C047539FB7E6}.Debug|Any CPU.Build.0 = Debug|Any CPU
		{DC110053-FDF5-4DC4-A709-C047539FB7E6}.Release|Any CPU.ActiveCfg = Release|Any CPU
		{DC110053-FDF5-4DC4-A709-C047539FB7E6}.Release|Any CPU.Build.0 = Release|Any CPU
		{A1A73826-FCBC-4E55-A6FF-465E076C2C61}.Debug|Any CPU.ActiveCfg = Debug|Any CPU
		{A1A73826-FCBC-4E55-A6FF-465E076C2C61}.Debug|Any CPU.Build.0 = Debug|Any CPU
		{A1A73826-FCBC-4E55-A6FF-465E076C2C61}.Release|Any CPU.ActiveCfg = Release|Any CPU
		{A1A73826-FCBC-4E55-A6FF-465E076C2C61}.Release|Any CPU.Build.0 = Release|Any CPU
		{45BD309F-7DD8-45AC-9C98-00C00107E453}.Debug|Any CPU.ActiveCfg = Debug|Any CPU
		{45BD309F-7DD8-45AC-9C98-00C00107E453}.Debug|Any CPU.Build.0 = Debug|Any CPU
		{45BD309F-7DD8-45AC-9C98-00C00107E453}.Release|Any CPU.ActiveCfg = Release|Any CPU
		{45BD309F-7DD8-45AC-9C98-00C00107E453}.Release|Any CPU.Build.0 = Release|Any CPU
	EndGlobalSection
	GlobalSection(SolutionProperties) = preSolution
		HideSolutionNode = FALSE
	EndGlobalSection
	GlobalSection(NestedProjects) = preSolution
		{E96029D0-5F15-4FA4-BBD6-808A68494267} = {CA0EBACF-59A3-4CAF-9E04-E43C1A10476C}
		{F953AE33-2913-4F05-9E67-A00CE336E076} = {CA0EBACF-59A3-4CAF-9E04-E43C1A10476C}
		{106DD3F5-3A21-468E-B86E-5E8F303B8A21} = {5C0E671D-300F-49CC-B7E7-B1ACC77198B6}
		{DC110053-FDF5-4DC4-A709-C047539FB7E6} = {CA0EBACF-59A3-4CAF-9E04-E43C1A10476C}
		{A1A73826-FCBC-4E55-A6FF-465E076C2C61} = {5C0E671D-300F-49CC-B7E7-B1ACC77198B6}
		{45BD309F-7DD8-45AC-9C98-00C00107E453} = {CA0EBACF-59A3-4CAF-9E04-E43C1A10476C}
	EndGlobalSection
	GlobalSection(ExtensibilityGlobals) = postSolution
		SolutionGuid = {1857336F-5B84-46C9-A29D-A14D0A44D0D2}
	EndGlobalSection
EndGlobal
